Microsoft Visual Studio Solution File, Format Version 11.00
# Visual Studio 2008

Project("{7D6C51C6-2232-CFBC-206E-FF4724C3442C}") = "DTD", "Assembly-CSharp-firstpass.csproj", "{FABDDBEA-BA21-C12B-8880-4F78156C5E81}"
EndProject
Project("{7D6C51C6-2232-CFBC-206E-FF4724C3442C}") = "DTD", "Assembly-CSharp.csproj", "{08294588-22C4-A538-C5B9-9F7BB7610822}"
EndProject
Project("{7D6C51C6-2232-CFBC-206E-FF4724C3442C}") = "DTD", "Assembly-CSharp-Editor.csproj", "{83D10BB7-E7C2-4E2B-ACFA-10D7BFAA025E}"
EndProject
Project("{7D6C51C6-2232-CFBC-206E-FF4724C3442C}") = "DTD", "Assembly-Boo-Editor.booproj", "{1B9A6701-302D-D70A-991E-CDFE9CE4CC57}"
EndProject
Project("{7D6C51C6-2232-CFBC-206E-FF4724C3442C}") = "DTD", "Assembly-UnityScript-firstpass.unityproj", "{CFE72E5B-5603-3BE4-73EC-9B8F5ED4619C}"
EndProject
Project("{7D6C51C6-2232-CFBC-206E-FF4724C3442C}") = "DTD", "Assembly-UnityScript-Editor.unityproj", "{B7828477-1DD7-01F9-1709-38FDE53246DD}"
EndProject
Global
	GlobalSection(SolutionConfigurationPlatforms) = preSolution
		Debug|Any CPU = Debug|Any CPU
		Release|Any CPU = Release|Any CPU
	EndGlobalSection
	GlobalSection(ProjectConfigurationPlatforms) = postSolution
		{FABDDBEA-BA21-C12B-8880-4F78156C5E81}.Debug|Any CPU.ActiveCfg = Debug|Any CPU
		{FABDDBEA-BA21-C12B-8880-4F78156C5E81}.Debug|Any CPU.Build.0 = Debug|Any CPU
		{FABDDBEA-BA21-C12B-8880-4F78156C5E81}.Release|Any CPU.ActiveCfg = Release|Any CPU
		{FABDDBEA-BA21-C12B-8880-4F78156C5E81}.Release|Any CPU.Build.0 = Release|Any CPU
		{08294588-22C4-A538-C5B9-9F7BB7610822}.Debug|Any CPU.ActiveCfg = Debug|Any CPU
		{08294588-22C4-A538-C5B9-9F7BB7610822}.Debug|Any CPU.Build.0 = Debug|Any CPU
		{08294588-22C4-A538-C5B9-9F7BB7610822}.Release|Any CPU.ActiveCfg = Release|Any CPU
		{08294588-22C4-A538-C5B9-9F7BB7610822}.Release|Any CPU.Build.0 = Release|Any CPU
		{83D10BB7-E7C2-4E2B-ACFA-10D7BFAA025E}.Debug|Any CPU.ActiveCfg = Debug|Any CPU
		{83D10BB7-E7C2-4E2B-ACFA-10D7BFAA025E}.Debug|Any CPU.Build.0 = Debug|Any CPU
		{83D10BB7-E7C2-4E2B-ACFA-10D7BFAA025E}.Release|Any CPU.ActiveCfg = Release|Any CPU
		{83D10BB7-E7C2-4E2B-ACFA-10D7BFAA025E}.Release|Any CPU.Build.0 = Release|Any CPU
		{1B9A6701-302D-D70A-991E-CDFE9CE4CC57}.Debug|Any CPU.ActiveCfg = Debug|Any CPU
		{1B9A6701-302D-D70A-991E-CDFE9CE4CC57}.Debug|Any CPU.Build.0 = Debug|Any CPU
		{1B9A6701-302D-D70A-991E-CDFE9CE4CC57}.Release|Any CPU.ActiveCfg = Release|Any CPU
		{1B9A6701-302D-D70A-991E-CDFE9CE4CC57}.Release|Any CPU.Build.0 = Release|Any CPU
		{CFE72E5B-5603-3BE4-73EC-9B8F5ED4619C}.Debug|Any CPU.ActiveCfg = Debug|Any CPU
		{CFE72E5B-5603-3BE4-73EC-9B8F5ED4619C}.Debug|Any CPU.Build.0 = Debug|Any CPU
		{CFE72E5B-5603-3BE4-73EC-9B8F5ED4619C}.Release|Any CPU.ActiveCfg = Release|Any CPU
		{CFE72E5B-5603-3BE4-73EC-9B8F5ED4619C}.Release|Any CPU.Build.0 = Release|Any CPU
		{B7828477-1DD7-01F9-1709-38FDE53246DD}.Debug|Any CPU.ActiveCfg = Debug|Any CPU
		{B7828477-1DD7-01F9-1709-38FDE53246DD}.Debug|Any CPU.Build.0 = Debug|Any CPU
		{B7828477-1DD7-01F9-1709-38FDE53246DD}.Release|Any CPU.ActiveCfg = Release|Any CPU
		{B7828477-1DD7-01F9-1709-38FDE53246DD}.Release|Any CPU.Build.0 = Release|Any CPU
	EndGlobalSection
	GlobalSection(SolutionProperties) = preSolution
		HideSolutionNode = FALSE
	EndGlobalSection
																					GlobalSection(MonoDevelopProperties) = preSolution
		StartupItem = Assembly-CSharp.csproj
		Policies = $0
		$0.TextStylePolicy = $1
		$1.inheritsSet = null
		$1.scope = text/x-csharp
		$0.CSharpFormattingPolicy = $2
		$2.inheritsSet = Mono
		$2.inheritsScope = text/x-csharp
		$2.scope = text/x-csharp
		$0.TextStylePolicy = $3
		$3.FileWidth = 120
		$3.TabWidth = 4
		$3.IndentWidth = 4
		$3.EolMarker = Unix
		$3.inheritsSet = Mono
		$3.inheritsScope = text/plain
		$3.scope = text/plain
	EndGlobalSection

EndGlobal
